{
  "version": 4,
  "terraform_version": "1.14.1",
  "serial": 5,
  "lineage": "6f9bd438-07a7-4527-864d-719f4c2ef683",
  "outputs": {
    "floating_ip": {
      "value": "192.168.0.224",
      "type": "string"
    },
    "instance_name": {
      "value": "terra-vm",
      "type": "string"
    },
    "ssh_command": {
      "value": "ssh -i ~/.ssh/id_ed25519.pub ubuntu@192.168.0.224",
      "type": "string"
    }
  },
  "resources": [
    {
      "mode": "managed",
      "type": "openstack_compute_floatingip_associate_v2",
      "name": "fip_assoc",
      "provider": "provider[\"registry.terraform.io/terraform-provider-openstack/openstack\"]",
      "instances": [
        {
          "schema_version": 0,
          "attributes": {
            "fixed_ip": "",
            "floating_ip": "192.168.0.224",
            "id": "192.168.0.224/195398db-101f-49c6-affb-cd8b5aab68ac/",
            "instance_id": "195398db-101f-49c6-affb-cd8b5aab68ac",
            "region": "RegionOne",
            "timeouts": null,
            "wait_until_associated": null
          },
          "sensitive_attributes": [],
          "identity_schema_version": 0,
          "private": "eyJlMmJmYjczMC1lY2FhLTExZTYtOGY4OC0zNDM2M2JjN2M0YzAiOnsiY3JlYXRlIjo2MDAwMDAwMDAwMDB9fQ==",
          "dependencies": [
            "openstack_compute_instance_v2.vm",
            "openstack_compute_keypair_v2.vm_key",
            "openstack_networking_floatingip_v2.fip"
          ]
        }
      ]
    },
    {
      "mode": "managed",
      "type": "openstack_compute_instance_v2",
      "name": "vm",
      "provider": "provider[\"registry.terraform.io/terraform-provider-openstack/openstack\"]",
      "instances": [
        {
          "schema_version": 0,
          "attributes": {
            "access_ip_v4": "20.20.20.121",
            "access_ip_v6": "",
            "admin_pass": null,
            "all_metadata": {},
            "all_tags": [],
            "availability_zone": "nova",
            "availability_zone_hints": null,
            "block_device": [],
            "config_drive": null,
            "created": "2025-12-27 11:23:11 +0000 UTC",
            "flavor_id": "1",
            "flavor_name": "m1.tiny",
            "floating_ip": null,
            "force_delete": false,
            "id": "195398db-101f-49c6-affb-cd8b5aab68ac",
            "image_id": "ca3f144c-4913-40ff-b858-c1d0131edd73",
            "image_name": "cirros",
            "key_pair": "terra-vm-key",
            "metadata": null,
            "name": "terra-vm",
            "network": [
              {
                "access_network": false,
                "fixed_ip_v4": "20.20.20.121",
                "fixed_ip_v6": "",
                "floating_ip": "",
                "mac": "fa:16:3e:0e:58:64",
                "name": "private",
                "port": "",
                "uuid": "ae3a3d37-a872-4abc-9246-3c0126b05f84"
              }
            ],
            "network_mode": null,
            "personality": [],
            "power_state": "active",
            "region": "RegionOne",
            "scheduler_hints": [],
            "security_groups": [
              "default"
            ],
            "stop_before_destroy": false,
            "tags": null,
            "timeouts": null,
            "updated": "2025-12-27 11:23:25 +0000 UTC",
            "user_data": null,
            "vendor_options": [],
            "volume": []
          },
          "sensitive_attributes": [
            [
              {
                "type": "get_attr",
                "value": "admin_pass"
              }
            ]
          ],
          "identity_schema_version": 0,
          "private": "eyJlMmJmYjczMC1lY2FhLTExZTYtOGY4OC0zNDM2M2JjN2M0YzAiOnsiY3JlYXRlIjoxODAwMDAwMDAwMDAwLCJkZWxldGUiOjE4MDAwMDAwMDAwMDAsInVwZGF0ZSI6MTgwMDAwMDAwMDAwMH19",
          "dependencies": [
            "openstack_compute_keypair_v2.vm_key"
          ]
        }
      ]
    },
    {
      "mode": "managed",
      "type": "openstack_compute_keypair_v2",
      "name": "vm_key",
      "provider": "provider[\"registry.terraform.io/terraform-provider-openstack/openstack\"]",
      "instances": [
        {
          "schema_version": 0,
          "attributes": {
            "fingerprint": "b3:2a:cf:91:06:84:69:4c:44:fa:dd:eb:66:88:b0:9a",
            "id": "terra-vm-key",
            "name": "terra-vm-key",
            "private_key": "",
            "public_key": "ssh-ed25519 AAAAC3NzaC1lZDI1NTE5AAAAIMS3EX901JAx7pTwvL1eQj+K38YmBwtW4w2/6/hDsvnh root@UbuntuDesktop1\n",
            "region": "RegionOne",
            "user_id": "",
            "value_specs": null
          },
          "sensitive_attributes": [
            [
              {
                "type": "get_attr",
                "value": "private_key"
              }
            ]
          ],
          "identity_schema_version": 0,
          "private": "bnVsbA=="
        }
      ]
    },
    {
      "mode": "managed",
      "type": "openstack_networking_floatingip_v2",
      "name": "fip",
      "provider": "provider[\"registry.terraform.io/terraform-provider-openstack/openstack\"]",
      "instances": [
        {
          "schema_version": 0,
          "attributes": {
            "address": "192.168.0.224",
            "all_tags": [],
            "description": "",
            "dns_domain": "",
            "dns_name": "",
            "fixed_ip": "",
            "id": "4534f4c7-3fd2-45d2-8ae1-3cdca0ac72f3",
            "pool": "public",
            "port_id": "",
            "region": "RegionOne",
            "subnet_id": null,
            "subnet_ids": null,
            "tags": null,
            "tenant_id": "6db768693e6947ffae607476e57f4408",
            "timeouts": null,
            "value_specs": null
          },
          "sensitive_attributes": [],
          "identity_schema_version": 0,
          "private": "eyJlMmJmYjczMC1lY2FhLTExZTYtOGY4OC0zNDM2M2JjN2M0YzAiOnsiY3JlYXRlIjo2MDAwMDAwMDAwMDAsImRlbGV0ZSI6NjAwMDAwMDAwMDAwfX0="
        }
      ]
    }
  ],
  "check_results": null
}
